
Microsoft Visual Studio Solution File, Format Version 12.00
# Visual Studio Version 16
VisualStudioVersion = 16.0.30503.244
MinimumVisualStudioVersion = 10.0.40219.1
Project("{8BC9CEB8-8B4A-11D0-8D11-00A0C91BC942}") = "AssemblerLabs1", "AssemblerLabs1\AssemblerLabs1.vcxproj", "{2038942B-C260-457A-B2DB-36839CF807E3}"
EndProject
Project("{8BC9CEB8-8B4A-11D0-8D11-00A0C91BC942}") = "AssemblerLabs2", "AssemblerLabs2\AssemblerLabs2.vcxproj", "{9F551F6C-A462-443B-B423-C82883EC7581}"
EndProject
Project("{8BC9CEB8-8B4A-11D0-8D11-00A0C91BC942}") = "AssemblerLab3", "AssemblerLab3\AssemblerLab3.vcxproj", "{F63FBD80-CF93-4930-89AA-AC2B96F6A7F7}"
EndProject
Project("{8BC9CEB8-8B4A-11D0-8D11-00A0C91BC942}") = "AssemblerLab4", "AssemblerLab4\AssemblerLab4.vcxproj", "{1B6BCA33-7973-4714-8C45-756B6CE87852}"
EndProject
Global
	GlobalSection(SolutionConfigurationPlatforms) = preSolution
		Debug|x64 = Debug|x64
		Debug|x86 = Debug|x86
		Release|x64 = Release|x64
		Release|x86 = Release|x86
	EndGlobalSection
	GlobalSection(ProjectConfigurationPlatforms) = postSolution
		{2038942B-C260-457A-B2DB-36839CF807E3}.Debug|x64.ActiveCfg = Debug|x64
		{2038942B-C260-457A-B2DB-36839CF807E3}.Debug|x64.Build.0 = Debug|x64
		{2038942B-C260-457A-B2DB-36839CF807E3}.Debug|x86.ActiveCfg = Debug|Win32
		{2038942B-C260-457A-B2DB-36839CF807E3}.Debug|x86.Build.0 = Debug|Win32
		{2038942B-C260-457A-B2DB-36839CF807E3}.Release|x64.ActiveCfg = Release|x64
		{2038942B-C260-457A-B2DB-36839CF807E3}.Release|x64.Build.0 = Release|x64
		{2038942B-C260-457A-B2DB-36839CF807E3}.Release|x86.ActiveCfg = Release|Win32
		{2038942B-C260-457A-B2DB-36839CF807E3}.Release|x86.Build.0 = Release|Win32
		{9F551F6C-A462-443B-B423-C82883EC7581}.Debug|x64.ActiveCfg = Debug|x64
		{9F551F6C-A462-443B-B423-C82883EC7581}.Debug|x64.Build.0 = Debug|x64
		{9F551F6C-A462-443B-B423-C82883EC7581}.Debug|x86.ActiveCfg = Debug|Win32
		{9F551F6C-A462-443B-B423-C82883EC7581}.Debug|x86.Build.0 = Debug|Win32
		{9F551F6C-A462-443B-B423-C82883EC7581}.Release|x64.ActiveCfg = Release|x64
		{9F551F6C-A462-443B-B423-C82883EC7581}.Release|x64.Build.0 = Release|x64
		{9F551F6C-A462-443B-B423-C82883EC7581}.Release|x86.ActiveCfg = Release|Win32
		{9F551F6C-A462-443B-B423-C82883EC7581}.Release|x86.Build.0 = Release|Win32
		{F63FBD80-CF93-4930-89AA-AC2B96F6A7F7}.Debug|x64.ActiveCfg = Debug|x64
		{F63FBD80-CF93-4930-89AA-AC2B96F6A7F7}.Debug|x64.Build.0 = Debug|x64
		{F63FBD80-CF93-4930-89AA-AC2B96F6A7F7}.Debug|x86.ActiveCfg = Debug|Win32
		{F63FBD80-CF93-4930-89AA-AC2B96F6A7F7}.Debug|x86.Build.0 = Debug|Win32
		{F63FBD80-CF93-4930-89AA-AC2B96F6A7F7}.Release|x64.ActiveCfg = Release|x64
		{F63FBD80-CF93-4930-89AA-AC2B96F6A7F7}.Release|x64.Build.0 = Release|x64
		{F63FBD80-CF93-4930-89AA-AC2B96F6A7F7}.Release|x86.ActiveCfg = Release|Win32
		{F63FBD80-CF93-4930-89AA-AC2B96F6A7F7}.Release|x86.Build.0 = Release|Win32
		{1B6BCA33-7973-4714-8C45-756B6CE87852}.Debug|x64.ActiveCfg = Debug|x64
		{1B6BCA33-7973-4714-8C45-756B6CE87852}.Debug|x64.Build.0 = Debug|x64
		{1B6BCA33-7973-4714-8C45-756B6CE87852}.Debug|x86.ActiveCfg = Debug|Win32
		{1B6BCA33-7973-4714-8C45-756B6CE87852}.Debug|x86.Build.0 = Debug|Win32
		{1B6BCA33-7973-4714-8C45-756B6CE87852}.Release|x64.ActiveCfg = Release|x64
		{1B6BCA33-7973-4714-8C45-756B6CE87852}.Release|x64.Build.0 = Release|x64
		{1B6BCA33-7973-4714-8C45-756B6CE87852}.Release|x86.ActiveCfg = Release|Win32
		{1B6BCA33-7973-4714-8C45-756B6CE87852}.Release|x86.Build.0 = Release|Win32
	EndGlobalSection
	GlobalSection(SolutionProperties) = preSolution
		HideSolutionNode = FALSE
	EndGlobalSection
	GlobalSection(ExtensibilityGlobals) = postSolution
		SolutionGuid = {4BE9E317-9560-4323-B13A-8779CDF138BC}
	EndGlobalSection
EndGlobal
